
Microsoft Visual Studio Solution File, Format Version 12.00
# Visual Studio Version 16
VisualStudioVersion = 16.0.31205.134
MinimumVisualStudioVersion = 10.0.40219.1
Project("{FAE04EC0-301F-11D3-BF4B-00C04F79EFBC}") = "SzachoweCiekawostki", "SzachoweCiekawostki\SzachoweCiekawostki.csproj", "{21429F09-FABF-4E22-B1D7-F0748F53F188}"
EndProject
Global
	GlobalSection(SolutionConfigurationPlatforms) = preSolution
		Debug|Any CPU = Debug|Any CPU
		Release|Any CPU = Release|Any CPU
	EndGlobalSection
	GlobalSection(ProjectConfigurationPlatforms) = postSolution
		{21429F09-FABF-4E22-B1D7-F0748F53F188}.Debug|Any CPU.ActiveCfg = Debug|Any CPU
		{21429F09-FABF-4E22-B1D7-F0748F53F188}.Debug|Any CPU.Build.0 = Debug|Any CPU
		{21429F09-FABF-4E22-B1D7-F0748F53F188}.Release|Any CPU.ActiveCfg = Release|Any CPU
		{21429F09-FABF-4E22-B1D7-F0748F53F188}.Release|Any CPU.Build.0 = Release|Any CPU
	EndGlobalSection
	GlobalSection(SolutionProperties) = preSolution
		HideSolutionNode = FALSE
	EndGlobalSection
	GlobalSection(ExtensibilityGlobals) = postSolution
		SolutionGuid = {65436617-86AB-431C-8D6F-ECD4F3CD3F33}
	EndGlobalSection
EndGlobal
